
Microsoft Visual Studio Solution File, Format Version 12.00
# Visual Studio Version 16
VisualStudioVersion = 16.0.31112.23
MinimumVisualStudioVersion = 10.0.40219.1
Project("{2150E333-8FDC-42A3-9474-1A3956D46DE8}") = "GoldBadgeProjectOne", "GoldBadgeProjectOne", "{EF8E713F-B69D-4839-B3AD-38CBD69E9B35}"
EndProject
Project("{FAE04EC0-301F-11D3-BF4B-00C04F79EFBC}") = "CafeRepoTest", "CafeRepoTest\CafeRepoTest.csproj", "{07D0F0A5-E570-4952-82F6-E974DCE2C7F9}"
EndProject
Project("{FAE04EC0-301F-11D3-BF4B-00C04F79EFBC}") = "CafeRepo", "CafeRepo\CafeRepo.csproj", "{D17BD477-E3E6-453E-8D5C-AB811A442D72}"
EndProject
Project("{FAE04EC0-301F-11D3-BF4B-00C04F79EFBC}") = "Cafe_UI", "Cafe_UI\Cafe_UI.csproj", "{A7ECD601-5DE3-4AB5-99BB-7E92DC714F84}"
EndProject
Project("{2150E333-8FDC-42A3-9474-1A3956D46DE8}") = "GoldBadeProjectTwo", "GoldBadeProjectTwo", "{C9B9737D-B5FC-49E9-BAA0-5AC73091F711}"
EndProject
Project("{FAE04EC0-301F-11D3-BF4B-00C04F79EFBC}") = "Claims", "Claims\Claims.csproj", "{D6F946C3-FD66-4F6C-AAEB-15207B26F8F0}"
EndProject
Project("{FAE04EC0-301F-11D3-BF4B-00C04F79EFBC}") = "ClaimsTestMethod", "ClaimsTestMethod\ClaimsTestMethod.csproj", "{A3E05E51-A1BC-4F90-BF80-FE8A2DF91560}"
EndProject
Project("{FAE04EC0-301F-11D3-BF4B-00C04F79EFBC}") = "ClaimsUI", "ClaimsUI\ClaimsUI.csproj", "{E2EAE3C5-E4A2-4007-A591-00F213390348}"
EndProject
Project("{2150E333-8FDC-42A3-9474-1A3956D46DE8}") = "GoldBadgeProjectThree", "GoldBadgeProjectThree", "{6955825B-B49F-4B7C-A51E-69C286883F85}"
EndProject
Project("{FAE04EC0-301F-11D3-BF4B-00C04F79EFBC}") = "BadgeRepo", "BadgeRepo\BadgeRepo.csproj", "{DD276413-ECF0-471B-AC19-14C2F7CD27A7}"
EndProject
Project("{FAE04EC0-301F-11D3-BF4B-00C04F79EFBC}") = "BadgeUnitTest", "BadgeUnitTest\BadgeUnitTest.csproj", "{1E0AD916-74F3-40A4-8A5A-6599D35EC392}"
EndProject
Project("{FAE04EC0-301F-11D3-BF4B-00C04F79EFBC}") = "BadgeUI", "BadgeUI\BadgeUI.csproj", "{201B153C-7F23-448F-A843-17FE0D224346}"
EndProject
Global
	GlobalSection(SolutionConfigurationPlatforms) = preSolution
		Debug|Any CPU = Debug|Any CPU
		Release|Any CPU = Release|Any CPU
	EndGlobalSection
	GlobalSection(ProjectConfigurationPlatforms) = postSolution
		{07D0F0A5-E570-4952-82F6-E974DCE2C7F9}.Debug|Any CPU.ActiveCfg = Debug|Any CPU
		{07D0F0A5-E570-4952-82F6-E974DCE2C7F9}.Debug|Any CPU.Build.0 = Debug|Any CPU
		{07D0F0A5-E570-4952-82F6-E974DCE2C7F9}.Release|Any CPU.ActiveCfg = Release|Any CPU
		{07D0F0A5-E570-4952-82F6-E974DCE2C7F9}.Release|Any CPU.Build.0 = Release|Any CPU
		{D17BD477-E3E6-453E-8D5C-AB811A442D72}.Debug|Any CPU.ActiveCfg = Debug|Any CPU
		{D17BD477-E3E6-453E-8D5C-AB811A442D72}.Debug|Any CPU.Build.0 = Debug|Any CPU
		{D17BD477-E3E6-453E-8D5C-AB811A442D72}.Release|Any CPU.ActiveCfg = Release|Any CPU
		{D17BD477-E3E6-453E-8D5C-AB811A442D72}.Release|Any CPU.Build.0 = Release|Any CPU
		{A7ECD601-5DE3-4AB5-99BB-7E92DC714F84}.Debug|Any CPU.ActiveCfg = Debug|Any CPU
		{A7ECD601-5DE3-4AB5-99BB-7E92DC714F84}.Debug|Any CPU.Build.0 = Debug|Any CPU
		{A7ECD601-5DE3-4AB5-99BB-7E92DC714F84}.Release|Any CPU.ActiveCfg = Release|Any CPU
		{A7ECD601-5DE3-4AB5-99BB-7E92DC714F84}.Release|Any CPU.Build.0 = Release|Any CPU
		{D6F946C3-FD66-4F6C-AAEB-15207B26F8F0}.Debug|Any CPU.ActiveCfg = Debug|Any CPU
		{D6F946C3-FD66-4F6C-AAEB-15207B26F8F0}.Debug|Any CPU.Build.0 = Debug|Any CPU
		{D6F946C3-FD66-4F6C-AAEB-15207B26F8F0}.Release|Any CPU.ActiveCfg = Release|Any CPU
		{D6F946C3-FD66-4F6C-AAEB-15207B26F8F0}.Release|Any CPU.Build.0 = Release|Any CPU
		{A3E05E51-A1BC-4F90-BF80-FE8A2DF91560}.Debug|Any CPU.ActiveCfg = Debug|Any CPU
		{A3E05E51-A1BC-4F90-BF80-FE8A2DF91560}.Debug|Any CPU.Build.0 = Debug|Any CPU
		{A3E05E51-A1BC-4F90-BF80-FE8A2DF91560}.Release|Any CPU.ActiveCfg = Release|Any CPU
		{A3E05E51-A1BC-4F90-BF80-FE8A2DF91560}.Release|Any CPU.Build.0 = Release|Any CPU
		{E2EAE3C5-E4A2-4007-A591-00F213390348}.Debug|Any CPU.ActiveCfg = Debug|Any CPU
		{E2EAE3C5-E4A2-4007-A591-00F213390348}.Debug|Any CPU.Build.0 = Debug|Any CPU
		{E2EAE3C5-E4A2-4007-A591-00F213390348}.Release|Any CPU.ActiveCfg = Release|Any CPU
		{E2EAE3C5-E4A2-4007-A591-00F213390348}.Release|Any CPU.Build.0 = Release|Any CPU
		{DD276413-ECF0-471B-AC19-14C2F7CD27A7}.Debug|Any CPU.ActiveCfg = Debug|Any CPU
		{DD276413-ECF0-471B-AC19-14C2F7CD27A7}.Debug|Any CPU.Build.0 = Debug|Any CPU
		{DD276413-ECF0-471B-AC19-14C2F7CD27A7}.Release|Any CPU.ActiveCfg = Release|Any CPU
		{DD276413-ECF0-471B-AC19-14C2F7CD27A7}.Release|Any CPU.Build.0 = Release|Any CPU
		{1E0AD916-74F3-40A4-8A5A-6599D35EC392}.Debug|Any CPU.ActiveCfg = Debug|Any CPU
		{1E0AD916-74F3-40A4-8A5A-6599D35EC392}.Debug|Any CPU.Build.0 = Debug|Any CPU
		{1E0AD916-74F3-40A4-8A5A-6599D35EC392}.Release|Any CPU.ActiveCfg = Release|Any CPU
		{1E0AD916-74F3-40A4-8A5A-6599D35EC392}.Release|Any CPU.Build.0 = Release|Any CPU
		{201B153C-7F23-448F-A843-17FE0D224346}.Debug|Any CPU.ActiveCfg = Debug|Any CPU
		{201B153C-7F23-448F-A843-17FE0D224346}.Debug|Any CPU.Build.0 = Debug|Any CPU
		{201B153C-7F23-448F-A843-17FE0D224346}.Release|Any CPU.ActiveCfg = Release|Any CPU
		{201B153C-7F23-448F-A843-17FE0D224346}.Release|Any CPU.Build.0 = Release|Any CPU
	EndGlobalSection
	GlobalSection(SolutionProperties) = preSolution
		HideSolutionNode = FALSE
	EndGlobalSection
	GlobalSection(NestedProjects) = preSolution
		{07D0F0A5-E570-4952-82F6-E974DCE2C7F9} = {EF8E713F-B69D-4839-B3AD-38CBD69E9B35}
		{D17BD477-E3E6-453E-8D5C-AB811A442D72} = {EF8E713F-B69D-4839-B3AD-38CBD69E9B35}
		{A7ECD601-5DE3-4AB5-99BB-7E92DC714F84} = {EF8E713F-B69D-4839-B3AD-38CBD69E9B35}
		{D6F946C3-FD66-4F6C-AAEB-15207B26F8F0} = {C9B9737D-B5FC-49E9-BAA0-5AC73091F711}
		{A3E05E51-A1BC-4F90-BF80-FE8A2DF91560} = {C9B9737D-B5FC-49E9-BAA0-5AC73091F711}
		{E2EAE3C5-E4A2-4007-A591-00F213390348} = {C9B9737D-B5FC-49E9-BAA0-5AC73091F711}
		{DD276413-ECF0-471B-AC19-14C2F7CD27A7} = {6955825B-B49F-4B7C-A51E-69C286883F85}
		{1E0AD916-74F3-40A4-8A5A-6599D35EC392} = {6955825B-B49F-4B7C-A51E-69C286883F85}
		{201B153C-7F23-448F-A843-17FE0D224346} = {6955825B-B49F-4B7C-A51E-69C286883F85}
	EndGlobalSection
	GlobalSection(ExtensibilityGlobals) = postSolution
		SolutionGuid = {D1F2F432-5969-43F8-90AE-12A7244E7B21}
	EndGlobalSection
EndGlobal
